
Microsoft Visual Studio Solution File, Format Version 12.00
# Visual Studio Version 17
VisualStudioVersion = 17.11.35312.102
MinimumVisualStudioVersion = 10.0.40219.1
Project("{FAE04EC0-301F-11D3-BF4B-00C04F79EFBC}") = "ProyectoADSI2024", "ProyectoADSI2024\ProyectoADSI2024.csproj", "{D03F7C57-6D4D-45CF-B269-BE1FA41AFC09}"
EndProject
Global
	GlobalSection(SolutionConfigurationPlatforms) = preSolution
		Debug|Any CPU = Debug|Any CPU
		Release|Any CPU = Release|Any CPU
	EndGlobalSection
	GlobalSection(ProjectConfigurationPlatforms) = postSolution
		{D03F7C57-6D4D-45CF-B269-BE1FA41AFC09}.Debug|Any CPU.ActiveCfg = Debug|Any CPU
		{D03F7C57-6D4D-45CF-B269-BE1FA41AFC09}.Debug|Any CPU.Build.0 = Debug|Any CPU
		{D03F7C57-6D4D-45CF-B269-BE1FA41AFC09}.Release|Any CPU.ActiveCfg = Release|Any CPU
		{D03F7C57-6D4D-45CF-B269-BE1FA41AFC09}.Release|Any CPU.Build.0 = Release|Any CPU
	EndGlobalSection
	GlobalSection(SolutionProperties) = preSolution
		HideSolutionNode = FALSE
	EndGlobalSection
	GlobalSection(ExtensibilityGlobals) = postSolution
		SolutionGuid = {2A8C9A4E-B84D-417A-8244-FD2C6DA94DE1}
	EndGlobalSection
EndGlobal
